// !$*UTF8*$!
{
	archiveVersion = 1;
	classes = {
	};
	objectVersion = 48;
	objects = {

/* Begin PBXBuildFile section */
		348D853B34FD3EEDFE9FF667 /* libPods-INFosysFaceIO.a in Frameworks */ = {isa = PBXBuildFile; fileRef = EDD3D44E958CE1E288CE7ED5 /* libPods-INFosysFaceIO.a */; };
		975860301FF3986300E04F5F /* UIView+Extension.m in Sources */ = {isa = PBXBuildFile; fileRef = 9758602F1FF3986300E04F5F /* UIView+Extension.m */; };
		979A81511FF389C9006AF3AF /* AttendanceViewController.m in Sources */ = {isa = PBXBuildFile; fileRef = 979A81501FF389C9006AF3AF /* AttendanceViewController.m */; };
		979A81541FF38F74006AF3AF /* AttendanceView.m in Sources */ = {isa = PBXBuildFile; fileRef = 979A81531FF38F74006AF3AF /* AttendanceView.m */; };
		979A816C1FF39042006AF3AF /* BXHCalendarDayView.m in Sources */ = {isa = PBXBuildFile; fileRef = 979A815A1FF39042006AF3AF /* BXHCalendarDayView.m */; };
		979A816D1FF39042006AF3AF /* BXHCalendarLayout.m in Sources */ = {isa = PBXBuildFile; fileRef = 979A815C1FF39042006AF3AF /* BXHCalendarLayout.m */; };
		979A816E1FF39042006AF3AF /* BXHCalendarManager.m in Sources */ = {isa = PBXBuildFile; fileRef = 979A815E1FF39042006AF3AF /* BXHCalendarManager.m */; };
		979A816F1FF39042006AF3AF /* BXHCalendarMonthView.m in Sources */ = {isa = PBXBuildFile; fileRef = 979A81601FF39042006AF3AF /* BXHCalendarMonthView.m */; };
		979A81701FF39042006AF3AF /* BXHCalendarView.m in Sources */ = {isa = PBXBuildFile; fileRef = 979A81631FF39042006AF3AF /* BXHCalendarView.m */; };
		979A81711FF39042006AF3AF /* BXHCalenderIndexPath.m in Sources */ = {isa = PBXBuildFile; fileRef = 979A81651FF39042006AF3AF /* BXHCalenderIndexPath.m */; };
		979A81721FF39042006AF3AF /* BXHWeekendView.m in Sources */ = {isa = PBXBuildFile; fileRef = 979A81671FF39042006AF3AF /* BXHWeekendView.m */; };
		979A81731FF39042006AF3AF /* NSDate+BXHCalendar.m in Sources */ = {isa = PBXBuildFile; fileRef = 979A81691FF39042006AF3AF /* NSDate+BXHCalendar.m */; };
		979A81741FF39042006AF3AF /* NSDate+BXHCategory.m in Sources */ = {isa = PBXBuildFile; fileRef = 979A816B1FF39042006AF3AF /* NSDate+BXHCategory.m */; };
		97B6E6F41FF3688E00976902 /* libAFNetworking.a in Frameworks */ = {isa = PBXBuildFile; fileRef = 97B6E6FA1FF3688E00976902 /* libAFNetworking.a */; };
		97B6E6F51FF3688E00976902 /* libFSCalendar.a in Frameworks */ = {isa = PBXBuildFile; fileRef = 97B6E6FB1FF3688E00976902 /* libFSCalendar.a */; };
		97B6E6F61FF3688E00976902 /* libMasonry.a in Frameworks */ = {isa = PBXBuildFile; fileRef = 97B6E6FC1FF3688E00976902 /* libMasonry.a */; };
		97B6E6F71FF3688E00976902 /* libMBProgressHUD.a in Frameworks */ = {isa = PBXBuildFile; fileRef = 97B6E6FD1FF3688E00976902 /* libMBProgressHUD.a */; };
		97B6E6F81FF3688E00976902 /* libYYCache.a in Frameworks */ = {isa = PBXBuildFile; fileRef = 97B6E6FE1FF3688E00976902 /* libYYCache.a */; };
		97B6E6F91FF3688E00976902 /* libYYModel.a in Frameworks */ = {isa = PBXBuildFile; fileRef = 97B6E6FF1FF3688E00976902 /* libYYModel.a */; };
		97B6E7061FF3733900976902 /* UIColor+hexColor.m in Sources */ = {isa = PBXBuildFile; fileRef = 97B6E7051FF3733800976902 /* UIColor+hexColor.m */; };
		97B6E7091FF37B3500976902 /* MyViewLitsCell.m in Sources */ = {isa = PBXBuildFile; fileRef = 97B6E7081FF37B3500976902 /* MyViewLitsCell.m */; };
		B8247D0D1FF0F68C004267E8 /* AppDelegate.m in Sources */ = {isa = PBXBuildFile; fileRef = B8247D0C1FF0F68C004267E8 /* AppDelegate.m */; };
		B8247D101FF0F68C004267E8 /* ViewController.m in Sources */ = {isa = PBXBuildFile; fileRef = B8247D0F1FF0F68C004267E8 /* ViewController.m */; };
		B8247D131FF0F68C004267E8 /* Main.storyboard in Resources */ = {isa = PBXBuildFile; fileRef = B8247D111FF0F68C004267E8 /* Main.storyboard */; };
		B8247D151FF0F68C004267E8 /* Assets.xcassets in Resources */ = {isa = PBXBuildFile; fileRef = B8247D141FF0F68C004267E8 /* Assets.xcassets */; };
		B8247D181FF0F68C004267E8 /* LaunchScreen.storyboard in Resources */ = {isa = PBXBuildFile; fileRef = B8247D161FF0F68C004267E8 /* LaunchScreen.storyboard */; };
		B8247D1B1FF0F68C004267E8 /* main.m in Sources */ = {isa = PBXBuildFile; fileRef = B8247D1A1FF0F68C004267E8 /* main.m */; };
		B8247D251FF0F68D004267E8 /* INFosysFaceIOTests.m in Sources */ = {isa = PBXBuildFile; fileRef = B8247D241FF0F68D004267E8 /* INFosysFaceIOTests.m */; };
		B8247D301FF0F68D004267E8 /* INFosysFaceIOUITests.m in Sources */ = {isa = PBXBuildFile; fileRef = B8247D2F1FF0F68D004267E8 /* INFosysFaceIOUITests.m */; };
		B84DE79C1FF0FF99008A69DD /* PrefixHeader.pch in Sources */ = {isa = PBXBuildFile; fileRef = B84DE79A1FF0FEBA008A69DD /* PrefixHeader.pch */; };
		B84DE7A01FF145AA008A69DD /* INFLoginViewController.m in Sources */ = {isa = PBXBuildFile; fileRef = B84DE79F1FF145AA008A69DD /* INFLoginViewController.m */; };
		B84DE7A31FF145C8008A69DD /* INFMyViewController.m in Sources */ = {isa = PBXBuildFile; fileRef = B84DE7A21FF145C8008A69DD /* INFMyViewController.m */; };
		B84DE7A61FF145DC008A69DD /* INFCheckViewController.m in Sources */ = {isa = PBXBuildFile; fileRef = B84DE7A51FF145DC008A69DD /* INFCheckViewController.m */; };
		B84DE7A91FF145F3008A69DD /* INFRecordsViewController.m in Sources */ = {isa = PBXBuildFile; fileRef = B84DE7A81FF145F3008A69DD /* INFRecordsViewController.m */; };
		B84DE7AD1FF20D18008A69DD /* INFUser.m in Sources */ = {isa = PBXBuildFile; fileRef = B84DE7AC1FF20D18008A69DD /* INFUser.m */; };
		B84DE7B01FF21CE6008A69DD /* NSString+Utils.m in Sources */ = {isa = PBXBuildFile; fileRef = B84DE7AF1FF21CE6008A69DD /* NSString+Utils.m */; };
		B84DE7B51FF2202E008A69DD /* NetWorkManager.m in Sources */ = {isa = PBXBuildFile; fileRef = B84DE7B21FF2202E008A69DD /* NetWorkManager.m */; };
		B84DE7B61FF2202E008A69DD /* UIImage+Utils.m in Sources */ = {isa = PBXBuildFile; fileRef = B84DE7B41FF2202E008A69DD /* UIImage+Utils.m */; };
		B87D10031FF0FC22000D924D /* INFHomeViewController.m in Sources */ = {isa = PBXBuildFile; fileRef = B87D10021FF0FC22000D924D /* INFHomeViewController.m */; };
		B8A296CE1FF3785300D3499A /* INFOverlayViewController.m in Sources */ = {isa = PBXBuildFile; fileRef = B8A296CD1FF3785300D3499A /* INFOverlayViewController.m */; };
		B8A296D01FF3D23000D3499A /* INFOverlayViewController.xib in Resources */ = {isa = PBXBuildFile; fileRef = B8A296CF1FF3D23000D3499A /* INFOverlayViewController.xib */; };
		B8A296D31FF3D58C00D3499A /* INFCameraOverlayView.m in Sources */ = {isa = PBXBuildFile; fileRef = B8A296D21FF3D58C00D3499A /* INFCameraOverlayView.m */; };
		B8A296D71FF3D5DB00D3499A /* INFCameraOverlayView.xib in Resources */ = {isa = PBXBuildFile; fileRef = B8A296D61FF3D5DB00D3499A /* INFCameraOverlayView.xib */; };
/* End PBXBuildFile section */

/* Begin PBXContainerItemProxy section */
		B8247D211FF0F68D004267E8 /* PBXContainerItemProxy */ = {
			isa = PBXContainerItemProxy;
			containerPortal = B8247D001FF0F68C004267E8 /* Project object */;
			proxyType = 1;
			remoteGlobalIDString = B8247D071FF0F68C004267E8;
			remoteInfo = INFosysFaceIO;
		};
		B8247D2C1FF0F68D004267E8 /* PBXContainerItemProxy */ = {
			isa = PBXContainerItemProxy;
			containerPortal = B8247D001FF0F68C004267E8 /* Project object */;
			proxyType = 1;
			remoteGlobalIDString = B8247D071FF0F68C004267E8;
			remoteInfo = INFosysFaceIO;
		};
/* End PBXContainerItemProxy section */

/* Begin PBXFileReference section */
		35D5E4C1727B11D633CA96A6 /* Pods-INFosysFaceIO.release.xcconfig */ = {isa = PBXFileReference; includeInIndex = 1; lastKnownFileType = text.xcconfig; name = "Pods-INFosysFaceIO.release.xcconfig"; path = "Pods/Target Support Files/Pods-INFosysFaceIO/Pods-INFosysFaceIO.release.xcconfig"; sourceTree = "<group>"; };
		7C378AD0B107B8726E9CC8AE /* Pods-INFosysFaceIO.debug.xcconfig */ = {isa = PBXFileReference; includeInIndex = 1; lastKnownFileType = text.xcconfig; name = "Pods-INFosysFaceIO.debug.xcconfig"; path = "Pods/Target Support Files/Pods-INFosysFaceIO/Pods-INFosysFaceIO.debug.xcconfig"; sourceTree = "<group>"; };
		9758602E1FF3986300E04F5F /* UIView+Extension.h */ = {isa = PBXFileReference; fileEncoding = 4; lastKnownFileType = sourcecode.c.h; path = "UIView+Extension.h"; sourceTree = "<group>"; };
		9758602F1FF3986300E04F5F /* UIView+Extension.m */ = {isa = PBXFileReference; fileEncoding = 4; lastKnownFileType = sourcecode.c.objc; path = "UIView+Extension.m"; sourceTree = "<group>"; };
		979A814F1FF389C9006AF3AF /* AttendanceViewController.h */ = {isa = PBXFileReference; lastKnownFileType = sourcecode.c.h; path = AttendanceViewController.h; sourceTree = "<group>"; };
		979A81501FF389C9006AF3AF /* AttendanceViewController.m */ = {isa = PBXFileReference; lastKnownFileType = sourcecode.c.objc; path = AttendanceViewController.m; sourceTree = "<group>"; };
		979A81521FF38F74006AF3AF /* AttendanceView.h */ = {isa = PBXFileReference; lastKnownFileType = sourcecode.c.h; path = AttendanceView.h; sourceTree = "<group>"; };
		979A81531FF38F74006AF3AF /* AttendanceView.m */ = {isa = PBXFileReference; lastKnownFileType = sourcecode.c.objc; path = AttendanceView.m; sourceTree = "<group>"; };
		979A81591FF39042006AF3AF /* BXHCalendarDayView.h */ = {isa = PBXFileReference; fileEncoding = 4; lastKnownFileType = sourcecode.c.h; path = BXHCalendarDayView.h; sourceTree = "<group>"; };
		979A815A1FF39042006AF3AF /* BXHCalendarDayView.m */ = {isa = PBXFileReference; fileEncoding = 4; lastKnownFileType = sourcecode.c.objc; path = BXHCalendarDayView.m; sourceTree = "<group>"; };
		979A815B1FF39042006AF3AF /* BXHCalendarLayout.h */ = {isa = PBXFileReference; fileEncoding = 4; lastKnownFileType = sourcecode.c.h; path = BXHCalendarLayout.h; sourceTree = "<group>"; };
		979A815C1FF39042006AF3AF /* BXHCalendarLayout.m */ = {isa = PBXFileReference; fileEncoding = 4; lastKnownFileType = sourcecode.c.objc; path = BXHCalendarLayout.m; sourceTree = "<group>"; };
		979A815D1FF39042006AF3AF /* BXHCalendarManager.h */ = {isa = PBXFileReference; fileEncoding = 4; lastKnownFileType = sourcecode.c.h; path = BXHCalendarManager.h; sourceTree = "<group>"; };
		979A815E1FF39042006AF3AF /* BXHCalendarManager.m */ = {isa = PBXFileReference; fileEncoding = 4; lastKnownFileType = sourcecode.c.objc; path = BXHCalendarManager.m; sourceTree = "<group>"; };
		979A815F1FF39042006AF3AF /* BXHCalendarMonthView.h */ = {isa = PBXFileReference; fileEncoding = 4; lastKnownFileType = sourcecode.c.h; path = BXHCalendarMonthView.h; sourceTree = "<group>"; };
		979A81601FF39042006AF3AF /* BXHCalendarMonthView.m */ = {isa = PBXFileReference; fileEncoding = 4; lastKnownFileType = sourcecode.c.objc; path = BXHCalendarMonthView.m; sourceTree = "<group>"; };
		979A81611FF39042006AF3AF /* BXHCalendarSupport.h */ = {isa = PBXFileReference; fileEncoding = 4; lastKnownFileType = sourcecode.c.h; path = BXHCalendarSupport.h; sourceTree = "<group>"; };
		979A81621FF39042006AF3AF /* BXHCalendarView.h */ = {isa = PBXFileReference; fileEncoding = 4; lastKnownFileType = sourcecode.c.h; path = BXHCalendarView.h; sourceTree = "<group>"; };
		979A81631FF39042006AF3AF /* BXHCalendarView.m */ = {isa = PBXFileReference; fileEncoding = 4; lastKnownFileType = sourcecode.c.objc; path = BXHCalendarView.m; sourceTree = "<group>"; };
		979A81641FF39042006AF3AF /* BXHCalenderIndexPath.h */ = {isa = PBXFileReference; fileEncoding = 4; lastKnownFileType = sourcecode.c.h; path = BXHCalenderIndexPath.h; sourceTree = "<group>"; };
		979A81651FF39042006AF3AF /* BXHCalenderIndexPath.m */ = {isa = PBXFileReference; fileEncoding = 4; lastKnownFileType = sourcecode.c.objc; path = BXHCalenderIndexPath.m; sourceTree = "<group>"; };
		979A81661FF39042006AF3AF /* BXHWeekendView.h */ = {isa = PBXFileReference; fileEncoding = 4; lastKnownFileType = sourcecode.c.h; path = BXHWeekendView.h; sourceTree = "<group>"; };
		979A81671FF39042006AF3AF /* BXHWeekendView.m */ = {isa = PBXFileReference; fileEncoding = 4; lastKnownFileType = sourcecode.c.objc; path = BXHWeekendView.m; sourceTree = "<group>"; };
		979A81681FF39042006AF3AF /* NSDate+BXHCalendar.h */ = {isa = PBXFileReference; fileEncoding = 4; lastKnownFileType = sourcecode.c.h; path = "NSDate+BXHCalendar.h"; sourceTree = "<group>"; };
		979A81691FF39042006AF3AF /* NSDate+BXHCalendar.m */ = {isa = PBXFileReference; fileEncoding = 4; lastKnownFileType = sourcecode.c.objc; path = "NSDate+BXHCalendar.m"; sourceTree = "<group>"; };
		979A816A1FF39042006AF3AF /* NSDate+BXHCategory.h */ = {isa = PBXFileReference; fileEncoding = 4; lastKnownFileType = sourcecode.c.h; path = "NSDate+BXHCategory.h"; sourceTree = "<group>"; };
		979A816B1FF39042006AF3AF /* NSDate+BXHCategory.m */ = {isa = PBXFileReference; fileEncoding = 4; lastKnownFileType = sourcecode.c.objc; path = "NSDate+BXHCategory.m"; sourceTree = "<group>"; };
		97B6E6FA1FF3688E00976902 /* libAFNetworking.a */ = {isa = PBXFileReference; explicitFileType = archive.ar; path = libAFNetworking.a; sourceTree = BUILT_PRODUCTS_DIR; };
		97B6E6FB1FF3688E00976902 /* libFSCalendar.a */ = {isa = PBXFileReference; explicitFileType = archive.ar; path = libFSCalendar.a; sourceTree = BUILT_PRODUCTS_DIR; };
		97B6E6FC1FF3688E00976902 /* libMasonry.a */ = {isa = PBXFileReference; explicitFileType = archive.ar; path = libMasonry.a; sourceTree = BUILT_PRODUCTS_DIR; };
		97B6E6FD1FF3688E00976902 /* libMBProgressHUD.a */ = {isa = PBXFileReference; explicitFileType = archive.ar; path = libMBProgressHUD.a; sourceTree = BUILT_PRODUCTS_DIR; };
		97B6E6FE1FF3688E00976902 /* libYYCache.a */ = {isa = PBXFileReference; explicitFileType = archive.ar; path = libYYCache.a; sourceTree = BUILT_PRODUCTS_DIR; };
		97B6E6FF1FF3688E00976902 /* libYYModel.a */ = {isa = PBXFileReference; explicitFileType = archive.ar; path = libYYModel.a; sourceTree = BUILT_PRODUCTS_DIR; };
		97B6E7031FF3733800976902 /* Config.h */ = {isa = PBXFileReference; fileEncoding = 4; lastKnownFileType = sourcecode.c.h; path = Config.h; sourceTree = "<group>"; };
		97B6E7041FF3733800976902 /* UIColor+hexColor.h */ = {isa = PBXFileReference; fileEncoding = 4; lastKnownFileType = sourcecode.c.h; path = "UIColor+hexColor.h"; sourceTree = "<group>"; };
		97B6E7051FF3733800976902 /* UIColor+hexColor.m */ = {isa = PBXFileReference; fileEncoding = 4; lastKnownFileType = sourcecode.c.objc; path = "UIColor+hexColor.m"; sourceTree = "<group>"; };
		97B6E7071FF37B3500976902 /* MyViewLitsCell.h */ = {isa = PBXFileReference; lastKnownFileType = sourcecode.c.h; path = MyViewLitsCell.h; sourceTree = "<group>"; };
		97B6E7081FF37B3500976902 /* MyViewLitsCell.m */ = {isa = PBXFileReference; lastKnownFileType = sourcecode.c.objc; path = MyViewLitsCell.m; sourceTree = "<group>"; };
		B8247D081FF0F68C004267E8 /* INFosysFaceIO.app */ = {isa = PBXFileReference; explicitFileType = wrapper.application; includeInIndex = 0; path = INFosysFaceIO.app; sourceTree = BUILT_PRODUCTS_DIR; };
		B8247D0B1FF0F68C004267E8 /* AppDelegate.h */ = {isa = PBXFileReference; lastKnownFileType = sourcecode.c.h; path = AppDelegate.h; sourceTree = "<group>"; };
		B8247D0C1FF0F68C004267E8 /* AppDelegate.m */ = {isa = PBXFileReference; lastKnownFileType = sourcecode.c.objc; path = AppDelegate.m; sourceTree = "<group>"; };
		B8247D0E1FF0F68C004267E8 /* ViewController.h */ = {isa = PBXFileReference; lastKnownFileType = sourcecode.c.h; path = ViewController.h; sourceTree = "<group>"; };
		B8247D0F1FF0F68C004267E8 /* ViewController.m */ = {isa = PBXFileReference; lastKnownFileType = sourcecode.c.objc; path = ViewController.m; sourceTree = "<group>"; };
		B8247D121FF0F68C004267E8 /* Base */ = {isa = PBXFileReference; lastKnownFileType = file.storyboard; name = Base; path = Base.lproj/Main.storyboard; sourceTree = "<group>"; };
		B8247D141FF0F68C004267E8 /* Assets.xcassets */ = {isa = PBXFileReference; lastKnownFileType = folder.assetcatalog; path = Assets.xcassets; sourceTree = "<group>"; };
		B8247D171FF0F68C004267E8 /* Base */ = {isa = PBXFileReference; lastKnownFileType = file.storyboard; name = Base; path = Base.lproj/LaunchScreen.storyboard; sourceTree = "<group>"; };
		B8247D191FF0F68C004267E8 /* Info.plist */ = {isa = PBXFileReference; lastKnownFileType = text.plist.xml; path = Info.plist; sourceTree = "<group>"; };
		B8247D1A1FF0F68C004267E8 /* main.m */ = {isa = PBXFileReference; lastKnownFileType = sourcecode.c.objc; path = main.m; sourceTree = "<group>"; };
		B8247D201FF0F68D004267E8 /* INFosysFaceIOTests.xctest */ = {isa = PBXFileReference; explicitFileType = wrapper.cfbundle; includeInIndex = 0; path = INFosysFaceIOTests.xctest; sourceTree = BUILT_PRODUCTS_DIR; };
		B8247D241FF0F68D004267E8 /* INFosysFaceIOTests.m */ = {isa = PBXFileReference; lastKnownFileType = sourcecode.c.objc; path = INFosysFaceIOTests.m; sourceTree = "<group>"; };
		B8247D261FF0F68D004267E8 /* Info.plist */ = {isa = PBXFileReference; lastKnownFileType = text.plist.xml; path = Info.plist; sourceTree = "<group>"; };
		B8247D2B1FF0F68D004267E8 /* INFosysFaceIOUITests.xctest */ = {isa = PBXFileReference; explicitFileType = wrapper.cfbundle; includeInIndex = 0; path = INFosysFaceIOUITests.xctest; sourceTree = BUILT_PRODUCTS_DIR; };
		B8247D2F1FF0F68D004267E8 /* INFosysFaceIOUITests.m */ = {isa = PBXFileReference; lastKnownFileType = sourcecode.c.objc; path = INFosysFaceIOUITests.m; sourceTree = "<group>"; };
		B8247D311FF0F68D004267E8 /* Info.plist */ = {isa = PBXFileReference; lastKnownFileType = text.plist.xml; path = Info.plist; sourceTree = "<group>"; };
		B84DE79A1FF0FEBA008A69DD /* PrefixHeader.pch */ = {isa = PBXFileReference; lastKnownFileType = sourcecode.c.h; path = PrefixHeader.pch; sourceTree = "<group>"; };
		B84DE79E1FF145AA008A69DD /* INFLoginViewController.h */ = {isa = PBXFileReference; lastKnownFileType = sourcecode.c.h; path = INFLoginViewController.h; sourceTree = "<group>"; };
		B84DE79F1FF145AA008A69DD /* INFLoginViewController.m */ = {isa = PBXFileReference; lastKnownFileType = sourcecode.c.objc; path = INFLoginViewController.m; sourceTree = "<group>"; };
		B84DE7A11FF145C8008A69DD /* INFMyViewController.h */ = {isa = PBXFileReference; lastKnownFileType = sourcecode.c.h; path = INFMyViewController.h; sourceTree = "<group>"; };
		B84DE7A21FF145C8008A69DD /* INFMyViewController.m */ = {isa = PBXFileReference; lastKnownFileType = sourcecode.c.objc; path = INFMyViewController.m; sourceTree = "<group>"; };
		B84DE7A41FF145DC008A69DD /* INFCheckViewController.h */ = {isa = PBXFileReference; lastKnownFileType = sourcecode.c.h; path = INFCheckViewController.h; sourceTree = "<group>"; };
		B84DE7A51FF145DC008A69DD /* INFCheckViewController.m */ = {isa = PBXFileReference; lastKnownFileType = sourcecode.c.objc; path = INFCheckViewController.m; sourceTree = "<group>"; };
		B84DE7A71FF145F3008A69DD /* INFRecordsViewController.h */ = {isa = PBXFileReference; lastKnownFileType = sourcecode.c.h; path = INFRecordsViewController.h; sourceTree = "<group>"; };
		B84DE7A81FF145F3008A69DD /* INFRecordsViewController.m */ = {isa = PBXFileReference; lastKnownFileType = sourcecode.c.objc; path = INFRecordsViewController.m; sourceTree = "<group>"; };
		B84DE7AB1FF20D18008A69DD /* INFUser.h */ = {isa = PBXFileReference; lastKnownFileType = sourcecode.c.h; path = INFUser.h; sourceTree = "<group>"; };
		B84DE7AC1FF20D18008A69DD /* INFUser.m */ = {isa = PBXFileReference; lastKnownFileType = sourcecode.c.objc; path = INFUser.m; sourceTree = "<group>"; };
		B84DE7AE1FF21CE6008A69DD /* NSString+Utils.h */ = {isa = PBXFileReference; lastKnownFileType = sourcecode.c.h; path = "NSString+Utils.h"; sourceTree = "<group>"; };
		B84DE7AF1FF21CE6008A69DD /* NSString+Utils.m */ = {isa = PBXFileReference; lastKnownFileType = sourcecode.c.objc; path = "NSString+Utils.m"; sourceTree = "<group>"; };
		B84DE7B11FF2202E008A69DD /* UIImage+Utils.h */ = {isa = PBXFileReference; fileEncoding = 4; lastKnownFileType = sourcecode.c.h; path = "UIImage+Utils.h"; sourceTree = "<group>"; };
		B84DE7B21FF2202E008A69DD /* NetWorkManager.m */ = {isa = PBXFileReference; fileEncoding = 4; lastKnownFileType = sourcecode.c.objc; path = NetWorkManager.m; sourceTree = "<group>"; };
		B84DE7B31FF2202E008A69DD /* NetWorkManager.h */ = {isa = PBXFileReference; fileEncoding = 4; lastKnownFileType = sourcecode.c.h; path = NetWorkManager.h; sourceTree = "<group>"; };
		B84DE7B41FF2202E008A69DD /* UIImage+Utils.m */ = {isa = PBXFileReference; fileEncoding = 4; lastKnownFileType = sourcecode.c.objc; path = "UIImage+Utils.m"; sourceTree = "<group>"; };
		B87D10011FF0FC22000D924D /* INFHomeViewController.h */ = {isa = PBXFileReference; lastKnownFileType = sourcecode.c.h; path = INFHomeViewController.h; sourceTree = "<group>"; };
		B87D10021FF0FC22000D924D /* INFHomeViewController.m */ = {isa = PBXFileReference; lastKnownFileType = sourcecode.c.objc; path = INFHomeViewController.m; sourceTree = "<group>"; };
		B8A296CC1FF3785300D3499A /* INFOverlayViewController.h */ = {isa = PBXFileReference; lastKnownFileType = sourcecode.c.h; path = INFOverlayViewController.h; sourceTree = "<group>"; };
		B8A296CD1FF3785300D3499A /* INFOverlayViewController.m */ = {isa = PBXFileReference; lastKnownFileType = sourcecode.c.objc; path = INFOverlayViewController.m; sourceTree = "<group>"; };
		B8A296CF1FF3D23000D3499A /* INFOverlayViewController.xib */ = {isa = PBXFileReference; lastKnownFileType = file.xib; path = INFOverlayViewController.xib; sourceTree = "<group>"; };
		B8A296D11FF3D58C00D3499A /* INFCameraOverlayView.h */ = {isa = PBXFileReference; lastKnownFileType = sourcecode.c.h; path = INFCameraOverlayView.h; sourceTree = "<group>"; };
		B8A296D21FF3D58C00D3499A /* INFCameraOverlayView.m */ = {isa = PBXFileReference; lastKnownFileType = sourcecode.c.objc; path = INFCameraOverlayView.m; sourceTree = "<group>"; };
		B8A296D61FF3D5DB00D3499A /* INFCameraOverlayView.xib */ = {isa = PBXFileReference; lastKnownFileType = file.xib; path = INFCameraOverlayView.xib; sourceTree = "<group>"; };
		EDD3D44E958CE1E288CE7ED5 /* libPods-INFosysFaceIO.a */ = {isa = PBXFileReference; explicitFileType = archive.ar; includeInIndex = 0; path = "libPods-INFosysFaceIO.a"; sourceTree = BUILT_PRODUCTS_DIR; };
/* End PBXFileReference section */

/* Begin PBXFrameworksBuildPhase section */
		B8247D051FF0F68C004267E8 /* Frameworks */ = {
			isa = PBXFrameworksBuildPhase;
			buildActionMask = 2147483647;
			files = (
				97B6E6F41FF3688E00976902 /* libAFNetworking.a in Frameworks */,
				97B6E6F51FF3688E00976902 /* libFSCalendar.a in Frameworks */,
				97B6E6F61FF3688E00976902 /* libMasonry.a in Frameworks */,
				97B6E6F71FF3688E00976902 /* libMBProgressHUD.a in Frameworks */,
				97B6E6F81FF3688E00976902 /* libYYCache.a in Frameworks */,
				97B6E6F91FF3688E00976902 /* libYYModel.a in Frameworks */,
				348D853B34FD3EEDFE9FF667 /* libPods-INFosysFaceIO.a in Frameworks */,
			);
			runOnlyForDeploymentPostprocessing = 0;
		};
		B8247D1D1FF0F68D004267E8 /* Frameworks */ = {
			isa = PBXFrameworksBuildPhase;
			buildActionMask = 2147483647;
			files = (
			);
			runOnlyForDeploymentPostprocessing = 0;
		};
		B8247D281FF0F68D004267E8 /* Frameworks */ = {
			isa = PBXFrameworksBuildPhase;
			buildActionMask = 2147483647;
			files = (
			);
			runOnlyForDeploymentPostprocessing = 0;
		};
/* End PBXFrameworksBuildPhase section */

/* Begin PBXGroup section */
		03B38A88037340A71F8D7D45 /* Pods */ = {
			isa = PBXGroup;
			children = (
				7C378AD0B107B8726E9CC8AE /* Pods-INFosysFaceIO.debug.xcconfig */,
				35D5E4C1727B11D633CA96A6 /* Pods-INFosysFaceIO.release.xcconfig */,
			);
			name = Pods;
			sourceTree = "<group>";
		};
		979A81581FF39042006AF3AF /* BXHCalendar */ = {
			isa = PBXGroup;
			children = (
				979A81591FF39042006AF3AF /* BXHCalendarDayView.h */,
				979A815A1FF39042006AF3AF /* BXHCalendarDayView.m */,
				979A815B1FF39042006AF3AF /* BXHCalendarLayout.h */,
				979A815C1FF39042006AF3AF /* BXHCalendarLayout.m */,
				979A815D1FF39042006AF3AF /* BXHCalendarManager.h */,
				979A815E1FF39042006AF3AF /* BXHCalendarManager.m */,
				979A815F1FF39042006AF3AF /* BXHCalendarMonthView.h */,
				979A81601FF39042006AF3AF /* BXHCalendarMonthView.m */,
				979A81611FF39042006AF3AF /* BXHCalendarSupport.h */,
				979A81621FF39042006AF3AF /* BXHCalendarView.h */,
				979A81631FF39042006AF3AF /* BXHCalendarView.m */,
				979A81641FF39042006AF3AF /* BXHCalenderIndexPath.h */,
				979A81651FF39042006AF3AF /* BXHCalenderIndexPath.m */,
				979A81661FF39042006AF3AF /* BXHWeekendView.h */,
				979A81671FF39042006AF3AF /* BXHWeekendView.m */,
				979A81681FF39042006AF3AF /* NSDate+BXHCalendar.h */,
				979A81691FF39042006AF3AF /* NSDate+BXHCalendar.m */,
				979A816A1FF39042006AF3AF /* NSDate+BXHCategory.h */,
				979A816B1FF39042006AF3AF /* NSDate+BXHCategory.m */,
			);
			path = BXHCalendar;
			sourceTree = "<group>";
		};
		97B6E7021FF3730800976902 /* Tools */ = {
			isa = PBXGroup;
			children = (
				9758602E1FF3986300E04F5F /* UIView+Extension.h */,
				9758602F1FF3986300E04F5F /* UIView+Extension.m */,
				97B6E7031FF3733800976902 /* Config.h */,
				97B6E7041FF3733800976902 /* UIColor+hexColor.h */,
				97B6E7051FF3733800976902 /* UIColor+hexColor.m */,
			);
			path = Tools;
			sourceTree = "<group>";
		};
		B8247CFF1FF0F68C004267E8 = {
			isa = PBXGroup;
			children = (
				B8247D0A1FF0F68C004267E8 /* INFosysFaceIO */,
				B8247D231FF0F68D004267E8 /* INFosysFaceIOTests */,
				B8247D2E1FF0F68D004267E8 /* INFosysFaceIOUITests */,
				B8247D091FF0F68C004267E8 /* Products */,
				03B38A88037340A71F8D7D45 /* Pods */,
				F14FF36BEADD6C13E1F72549 /* Frameworks */,
			);
			sourceTree = "<group>";
		};
		B8247D091FF0F68C004267E8 /* Products */ = {
			isa = PBXGroup;
			children = (
				B8247D081FF0F68C004267E8 /* INFosysFaceIO.app */,
				B8247D201FF0F68D004267E8 /* INFosysFaceIOTests.xctest */,
				B8247D2B1FF0F68D004267E8 /* INFosysFaceIOUITests.xctest */,
			);
			name = Products;
			sourceTree = "<group>";
		};
		B8247D0A1FF0F68C004267E8 /* INFosysFaceIO */ = {
			isa = PBXGroup;
			children = (
				B84DE7AA1FF1FCF8008A69DD /* Model */,
				B87D0FFD1FF0FB9F000D924D /* Controller */,
				B87D0FFB1FF0FB89000D924D /* Resource */,
				B8247D3D1FF0F785004267E8 /* ThirdLib */,
				B8247D0B1FF0F68C004267E8 /* AppDelegate.h */,
				B8247D0C1FF0F68C004267E8 /* AppDelegate.m */,
				97B6E7021FF3730800976902 /* Tools */,
				B8247D0E1FF0F68C004267E8 /* ViewController.h */,
				B8247D0F1FF0F68C004267E8 /* ViewController.m */,
				B8247D111FF0F68C004267E8 /* Main.storyboard */,
				B8247D141FF0F68C004267E8 /* Assets.xcassets */,
				B8247D161FF0F68C004267E8 /* LaunchScreen.storyboard */,
				B8247D191FF0F68C004267E8 /* Info.plist */,
				B8247D1A1FF0F68C004267E8 /* main.m */,
				B84DE79A1FF0FEBA008A69DD /* PrefixHeader.pch */,
			);
			path = INFosysFaceIO;
			sourceTree = "<group>";
		};
		B8247D231FF0F68D004267E8 /* INFosysFaceIOTests */ = {
			isa = PBXGroup;
			children = (
				B8247D241FF0F68D004267E8 /* INFosysFaceIOTests.m */,
				B8247D261FF0F68D004267E8 /* Info.plist */,
			);
			path = INFosysFaceIOTests;
			sourceTree = "<group>";
		};
		B8247D2E1FF0F68D004267E8 /* INFosysFaceIOUITests */ = {
			isa = PBXGroup;
			children = (
				B8247D2F1FF0F68D004267E8 /* INFosysFaceIOUITests.m */,
				B8247D311FF0F68D004267E8 /* Info.plist */,
			);
			path = INFosysFaceIOUITests;
			sourceTree = "<group>";
		};
		B8247D3D1FF0F785004267E8 /* ThirdLib */ = {
			isa = PBXGroup;
			children = (
				B84DE7AE1FF21CE6008A69DD /* NSString+Utils.h */,
				B84DE7AF1FF21CE6008A69DD /* NSString+Utils.m */,
				B84DE7B31FF2202E008A69DD /* NetWorkManager.h */,
				B84DE7B21FF2202E008A69DD /* NetWorkManager.m */,
				B84DE7B11FF2202E008A69DD /* UIImage+Utils.h */,
				B84DE7B41FF2202E008A69DD /* UIImage+Utils.m */,
			);
			path = ThirdLib;
			sourceTree = "<group>";
		};
		B84DE79D1FF14592008A69DD /* Login */ = {
			isa = PBXGroup;
			children = (
				B84DE79E1FF145AA008A69DD /* INFLoginViewController.h */,
				B84DE79F1FF145AA008A69DD /* INFLoginViewController.m */,
			);
			path = Login;
			sourceTree = "<group>";
		};
		B84DE7AA1FF1FCF8008A69DD /* Model */ = {
			isa = PBXGroup;
			children = (
				B84DE7AB1FF20D18008A69DD /* INFUser.h */,
				B84DE7AC1FF20D18008A69DD /* INFUser.m */,
			);
			path = Model;
			sourceTree = "<group>";
		};
		B87D0FFB1FF0FB89000D924D /* Resource */ = {
			isa = PBXGroup;
			children = (
			);
			path = Resource;
			sourceTree = "<group>";
		};
		B87D0FFC1FF0FB92000D924D /* Home */ = {
			isa = PBXGroup;
			children = (
				B87D10011FF0FC22000D924D /* INFHomeViewController.h */,
				B87D10021FF0FC22000D924D /* INFHomeViewController.m */,
			);
			path = Home;
			sourceTree = "<group>";
		};
		B87D0FFD1FF0FB9F000D924D /* Controller */ = {
			isa = PBXGroup;
			children = (
				B84DE79D1FF14592008A69DD /* Login */,
				B87D10001FF0FBD4000D924D /* Records */,
				B87D0FFF1FF0FBBA000D924D /* FaceCheck */,
				B87D0FFE1FF0FBA8000D924D /* My */,
				B87D0FFC1FF0FB92000D924D /* Home */,
			);
			path = Controller;
			sourceTree = "<group>";
		};
		B87D0FFE1FF0FBA8000D924D /* My */ = {
			isa = PBXGroup;
			children = (
				B84DE7A21FF145C8008A69DD /* INFMyViewController.m */,
				B84DE7A11FF145C8008A69DD /* INFMyViewController.h */,
				97B6E7071FF37B3500976902 /* MyViewLitsCell.h */,
				97B6E7081FF37B3500976902 /* MyViewLitsCell.m */,
				979A814F1FF389C9006AF3AF /* AttendanceViewController.h */,
				979A81501FF389C9006AF3AF /* AttendanceViewController.m */,
				979A81521FF38F74006AF3AF /* AttendanceView.h */,
				979A81531FF38F74006AF3AF /* AttendanceView.m */,
				979A81581FF39042006AF3AF /* BXHCalendar */,
			);
			path = My;
			sourceTree = "<group>";
		};
		B87D0FFF1FF0FBBA000D924D /* FaceCheck */ = {
			isa = PBXGroup;
			children = (
				B84DE7A41FF145DC008A69DD /* INFCheckViewController.h */,
				B84DE7A51FF145DC008A69DD /* INFCheckViewController.m */,
				B8A296CC1FF3785300D3499A /* INFOverlayViewController.h */,
				B8A296CD1FF3785300D3499A /* INFOverlayViewController.m */,
				B8A296CF1FF3D23000D3499A /* INFOverlayViewController.xib */,
				B8A296D11FF3D58C00D3499A /* INFCameraOverlayView.h */,
				B8A296D21FF3D58C00D3499A /* INFCameraOverlayView.m */,
				B8A296D61FF3D5DB00D3499A /* INFCameraOverlayView.xib */,
			);
			path = FaceCheck;
			sourceTree = "<group>";
		};
		B87D10001FF0FBD4000D924D /* Records */ = {
			isa = PBXGroup;
			children = (
				B84DE7A71FF145F3008A69DD /* INFRecordsViewController.h */,
				B84DE7A81FF145F3008A69DD /* INFRecordsViewController.m */,
			);
			path = Records;
			sourceTree = "<group>";
		};
		F14FF36BEADD6C13E1F72549 /* Frameworks */ = {
			isa = PBXGroup;
			children = (
				97B6E6FA1FF3688E00976902 /* libAFNetworking.a */,
				97B6E6FB1FF3688E00976902 /* libFSCalendar.a */,
				97B6E6FC1FF3688E00976902 /* libMasonry.a */,
				97B6E6FD1FF3688E00976902 /* libMBProgressHUD.a */,
				97B6E6FE1FF3688E00976902 /* libYYCache.a */,
				97B6E6FF1FF3688E00976902 /* libYYModel.a */,
				EDD3D44E958CE1E288CE7ED5 /* libPods-INFosysFaceIO.a */,
			);
			name = Frameworks;
			sourceTree = "<group>";
		};
/* End PBXGroup section */

/* Begin PBXNativeTarget section */
		B8247D071FF0F68C004267E8 /* INFosysFaceIO */ = {
			isa = PBXNativeTarget;
			buildConfigurationList = B8247D341FF0F68D004267E8 /* Build configuration list for PBXNativeTarget "INFosysFaceIO" */;
			buildPhases = (
				4EFFC1A876A423E7AEBA79D4 /* [CP] Check Pods Manifest.lock */,
				B8247D041FF0F68C004267E8 /* Sources */,
				B8247D051FF0F68C004267E8 /* Frameworks */,
				B8247D061FF0F68C004267E8 /* Resources */,
				71B2C47616BB336FB637B6FA /* [CP] Embed Pods Frameworks */,
				08186361C283CDEF770788F5 /* [CP] Copy Pods Resources */,
			);
			buildRules = (
			);
			dependencies = (
			);
			name = INFosysFaceIO;
			productName = INFosysFaceIO;
			productReference = B8247D081FF0F68C004267E8 /* INFosysFaceIO.app */;
			productType = "com.apple.product-type.application";
		};
		B8247D1F1FF0F68D004267E8 /* INFosysFaceIOTests */ = {
			isa = PBXNativeTarget;
			buildConfigurationList = B8247D371FF0F68D004267E8 /* Build configuration list for PBXNativeTarget "INFosysFaceIOTests" */;
			buildPhases = (
				B8247D1C1FF0F68D004267E8 /* Sources */,
				B8247D1D1FF0F68D004267E8 /* Frameworks */,
				B8247D1E1FF0F68D004267E8 /* Resources */,
			);
			buildRules = (
			);
			dependencies = (
				B8247D221FF0F68D004267E8 /* PBXTargetDependency */,
			);
			name = INFosysFaceIOTests;
			productName = INFosysFaceIOTests;
			productReference = B8247D201FF0F68D004267E8 /* INFosysFaceIOTests.xctest */;
			productType = "com.apple.product-type.bundle.unit-test";
		};
		B8247D2A1FF0F68D004267E8 /* INFosysFaceIOUITests */ = {
			isa = PBXNativeTarget;
			buildConfigurationList = B8247D3A1FF0F68D004267E8 /* Build configuration list for PBXNativeTarget "INFosysFaceIOUITests" */;
			buildPhases = (
				B8247D271FF0F68D004267E8 /* Sources */,
				B8247D281FF0F68D004267E8 /* Frameworks */,
				B8247D291FF0F68D004267E8 /* Resources */,
			);
			buildRules = (
			);
			dependencies = (
				B8247D2D1FF0F68D004267E8 /* PBXTargetDependency */,
			);
			name = INFosysFaceIOUITests;
			productName = INFosysFaceIOUITests;
			productReference = B8247D2B1FF0F68D004267E8 /* INFosysFaceIOUITests.xctest */;
			productType = "com.apple.product-type.bundle.ui-testing";
		};
/* End PBXNativeTarget section */

/* Begin PBXProject section */
		B8247D001FF0F68C004267E8 /* Project object */ = {
			isa = PBXProject;
			attributes = {
				LastUpgradeCheck = 0920;
				ORGANIZATIONNAME = jiangwei.wang;
				TargetAttributes = {
					B8247D071FF0F68C004267E8 = {
						CreatedOnToolsVersion = 9.2;
						ProvisioningStyle = Automatic;
					};
					B8247D1F1FF0F68D004267E8 = {
						CreatedOnToolsVersion = 9.2;
						ProvisioningStyle = Automatic;
						TestTargetID = B8247D071FF0F68C004267E8;
					};
					B8247D2A1FF0F68D004267E8 = {
						CreatedOnToolsVersion = 9.2;
						ProvisioningStyle = Automatic;
						TestTargetID = B8247D071FF0F68C004267E8;
					};
				};
			};
			buildConfigurationList = B8247D031FF0F68C004267E8 /* Build configuration list for PBXProject "INFosysFaceIO" */;
			compatibilityVersion = "Xcode 8.0";
			developmentRegion = en;
			hasScannedForEncodings = 0;
			knownRegions = (
				en,
				Base,
			);
			mainGroup = B8247CFF1FF0F68C004267E8;
			productRefGroup = B8247D091FF0F68C004267E8 /* Products */;
			projectDirPath = "";
			projectRoot = "";
			targets = (
				B8247D071FF0F68C004267E8 /* INFosysFaceIO */,
				B8247D1F1FF0F68D004267E8 /* INFosysFaceIOTests */,
				B8247D2A1FF0F68D004267E8 /* INFosysFaceIOUITests */,
			);
		};
/* End PBXProject section */

/* Begin PBXResourcesBuildPhase section */
		B8247D061FF0F68C004267E8 /* Resources */ = {
			isa = PBXResourcesBuildPhase;
			buildActionMask = 2147483647;
			files = (
				B8247D181FF0F68C004267E8 /* LaunchScreen.storyboard in Resources */,
				B8247D151FF0F68C004267E8 /* Assets.xcassets in Resources */,
				B8247D131FF0F68C004267E8 /* Main.storyboard in Resources */,
				B8A296D71FF3D5DB00D3499A /* INFCameraOverlayView.xib in Resources */,
				B8A296D01FF3D23000D3499A /* INFOverlayViewController.xib in Resources */,
			);
			runOnlyForDeploymentPostprocessing = 0;
		};
		B8247D1E1FF0F68D004267E8 /* Resources */ = {
			isa = PBXResourcesBuildPhase;
			buildActionMask = 2147483647;
			files = (
			);
			runOnlyForDeploymentPostprocessing = 0;
		};
		B8247D291FF0F68D004267E8 /* Resources */ = {
			isa = PBXResourcesBuildPhase;
			buildActionMask = 2147483647;
			files = (
			);
			runOnlyForDeploymentPostprocessing = 0;
		};
/* End PBXResourcesBuildPhase section */

/* Begin PBXShellScriptBuildPhase section */
		08186361C283CDEF770788F5 /* [CP] Copy Pods Resources */ = {
			isa = PBXShellScriptBuildPhase;
			buildActionMask = 2147483647;
			files = (
			);
			inputPaths = (
			);
			name = "[CP] Copy Pods Resources";
			outputPaths = (
			);
			runOnlyForDeploymentPostprocessing = 0;
			shellPath = /bin/sh;
			shellScript = "\"${SRCROOT}/Pods/Target Support Files/Pods-INFosysFaceIO/Pods-INFosysFaceIO-resources.sh\"\n";
			showEnvVarsInLog = 0;
		};
		4EFFC1A876A423E7AEBA79D4 /* [CP] Check Pods Manifest.lock */ = {
			isa = PBXShellScriptBuildPhase;
			buildActionMask = 2147483647;
			files = (
			);
			inputPaths = (
				"${PODS_PODFILE_DIR_PATH}/Podfile.lock",
				"${PODS_ROOT}/Manifest.lock",
			);
			name = "[CP] Check Pods Manifest.lock";
			outputPaths = (
				"$(DERIVED_FILE_DIR)/Pods-INFosysFaceIO-checkManifestLockResult.txt",
			);
			runOnlyForDeploymentPostprocessing = 0;
			shellPath = /bin/sh;
			shellScript = "diff \"${PODS_PODFILE_DIR_PATH}/Podfile.lock\" \"${PODS_ROOT}/Manifest.lock\" > /dev/null\nif [ $? != 0 ] ; then\n    # print error to STDERR\n    echo \"error: The sandbox is not in sync with the Podfile.lock. Run 'pod install' or update your CocoaPods installation.\" >&2\n    exit 1\nfi\n# This output is used by Xcode 'outputs' to avoid re-running this script phase.\necho \"SUCCESS\" > \"${SCRIPT_OUTPUT_FILE_0}\"\n";
			showEnvVarsInLog = 0;
		};
		71B2C47616BB336FB637B6FA /* [CP] Embed Pods Frameworks */ = {
			isa = PBXShellScriptBuildPhase;
			buildActionMask = 2147483647;
			files = (
			);
			inputPaths = (
				"${SRCROOT}/Pods/Target Support Files/Pods-INFosysFaceIO/Pods-INFosysFaceIO-frameworks.sh",
				"${BUILT_PRODUCTS_DIR}/AFNetworking/AFNetworking.framework",
				"${BUILT_PRODUCTS_DIR}/FSCalendar/FSCalendar.framework",
				"${BUILT_PRODUCTS_DIR}/MBProgressHUD/MBProgressHUD.framework",
				"${BUILT_PRODUCTS_DIR}/Masonry/Masonry.framework",
				"${BUILT_PRODUCTS_DIR}/YYCache/YYCache.framework",
			);
			name = "[CP] Embed Pods Frameworks";
			outputPaths = (
				"${TARGET_BUILD_DIR}/${FRAMEWORKS_FOLDER_PATH}/AFNetworking.framework",
				"${TARGET_BUILD_DIR}/${FRAMEWORKS_FOLDER_PATH}/FSCalendar.framework",
				"${TARGET_BUILD_DIR}/${FRAMEWORKS_FOLDER_PATH}/MBProgressHUD.framework",
				"${TARGET_BUILD_DIR}/${FRAMEWORKS_FOLDER_PATH}/Masonry.framework",
				"${TARGET_BUILD_DIR}/${FRAMEWORKS_FOLDER_PATH}/YYCache.framework",
			);
			runOnlyForDeploymentPostprocessing = 0;
			shellPath = /bin/sh;
			shellScript = "\"${SRCROOT}/Pods/Target Support Files/Pods-INFosysFaceIO/Pods-INFosysFaceIO-frameworks.sh\"\n";
			showEnvVarsInLog = 0;
		};
/* End PBXShellScriptBuildPhase section */

/* Begin PBXSourcesBuildPhase section */
		B8247D041FF0F68C004267E8 /* Sources */ = {
			isa = PBXSourcesBuildPhase;
			buildActionMask = 2147483647;
			files = (
				979A816F1FF39042006AF3AF /* BXHCalendarMonthView.m in Sources */,
				B84DE7B51FF2202E008A69DD /* NetWorkManager.m in Sources */,
				979A81721FF39042006AF3AF /* BXHWeekendView.m in Sources */,
				97B6E7091FF37B3500976902 /* MyViewLitsCell.m in Sources */,
				979A81731FF39042006AF3AF /* NSDate+BXHCalendar.m in Sources */,
				B84DE79C1FF0FF99008A69DD /* PrefixHeader.pch in Sources */,
				979A816D1FF39042006AF3AF /* BXHCalendarLayout.m in Sources */,
				979A816E1FF39042006AF3AF /* BXHCalendarManager.m in Sources */,
				979A81541FF38F74006AF3AF /* AttendanceView.m in Sources */,
				B8247D101FF0F68C004267E8 /* ViewController.m in Sources */,
				B84DE7B61FF2202E008A69DD /* UIImage+Utils.m in Sources */,
				979A816C1FF39042006AF3AF /* BXHCalendarDayView.m in Sources */,
				B84DE7AD1FF20D18008A69DD /* INFUser.m in Sources */,
				B84DE7A31FF145C8008A69DD /* INFMyViewController.m in Sources */,
				B84DE7B01FF21CE6008A69DD /* NSString+Utils.m in Sources */,
				B8A296D31FF3D58C00D3499A /* INFCameraOverlayView.m in Sources */,
				979A81711FF39042006AF3AF /* BXHCalenderIndexPath.m in Sources */,
				97B6E7061FF3733900976902 /* UIColor+hexColor.m in Sources */,
				B8247D1B1FF0F68C004267E8 /* main.m in Sources */,
				975860301FF3986300E04F5F /* UIView+Extension.m in Sources */,
				B8247D0D1FF0F68C004267E8 /* AppDelegate.m in Sources */,
				B8A296CE1FF3785300D3499A /* INFOverlayViewController.m in Sources */,
				979A81741FF39042006AF3AF /* NSDate+BXHCategory.m in Sources */,
				979A81511FF389C9006AF3AF /* AttendanceViewController.m in Sources */,
				B84DE7A61FF145DC008A69DD /* INFCheckViewController.m in Sources */,
				B84DE7A01FF145AA008A69DD /* INFLoginViewController.m in Sources */,
				B84DE7A91FF145F3008A69DD /* INFRecordsViewController.m in Sources */,
				B87D10031FF0FC22000D924D /* INFHomeViewController.m in Sources */,
				979A81701FF39042006AF3AF /* BXHCalendarView.m in Sources */,
			);
			runOnlyForDeploymentPostprocessing = 0;
		};
		B8247D1C1FF0F68D004267E8 /* Sources */ = {
			isa = PBXSourcesBuildPhase;
			buildActionMask = 2147483647;
			files = (
				B8247D251FF0F68D004267E8 /* INFosysFaceIOTests.m in Sources */,
			);
			runOnlyForDeploymentPostprocessing = 0;
		};
		B8247D271FF0F68D004267E8 /* Sources */ = {
			isa = PBXSourcesBuildPhase;
			buildActionMask = 2147483647;
			files = (
				B8247D301FF0F68D004267E8 /* INFosysFaceIOUITests.m in Sources */,
			);
			runOnlyForDeploymentPostprocessing = 0;
		};
/* End PBXSourcesBuildPhase section */

/* Begin PBXTargetDependency section */
		B8247D221FF0F68D004267E8 /* PBXTargetDependency */ = {
			isa = PBXTargetDependency;
			target = B8247D071FF0F68C004267E8 /* INFosysFaceIO */;
			targetProxy = B8247D211FF0F68D004267E8 /* PBXContainerItemProxy */;
		};
		B8247D2D1FF0F68D004267E8 /* PBXTargetDependency */ = {
			isa = PBXTargetDependency;
			target = B8247D071FF0F68C004267E8 /* INFosysFaceIO */;
			targetProxy = B8247D2C1FF0F68D004267E8 /* PBXContainerItemProxy */;
		};
/* End PBXTargetDependency section */

/* Begin PBXVariantGroup section */
		B8247D111FF0F68C004267E8 /* Main.storyboard */ = {
			isa = PBXVariantGroup;
			children = (
				B8247D121FF0F68C004267E8 /* Base */,
			);
			name = Main.storyboard;
			sourceTree = "<group>";
		};
		B8247D161FF0F68C004267E8 /* LaunchScreen.storyboard */ = {
			isa = PBXVariantGroup;
			children = (
				B8247D171FF0F68C004267E8 /* Base */,
			);
			name = LaunchScreen.storyboard;
			sourceTree = "<group>";
		};
/* End PBXVariantGroup section */

/* Begin XCBuildConfiguration section */
		B8247D321FF0F68D004267E8 /* Debug */ = {
			isa = XCBuildConfiguration;
			buildSettings = {
				ALWAYS_SEARCH_USER_PATHS = NO;
				CLANG_ANALYZER_NONNULL = YES;
				CLANG_ANALYZER_NUMBER_OBJECT_CONVERSION = YES_AGGRESSIVE;
				CLANG_CXX_LANGUAGE_STANDARD = "gnu++14";
				CLANG_CXX_LIBRARY = "libc++";
				CLANG_ENABLE_MODULES = YES;
				CLANG_ENABLE_OBJC_ARC = YES;
				CLANG_WARN_BLOCK_CAPTURE_AUTORELEASING = YES;
				CLANG_WARN_BOOL_CONVERSION = YES;
				CLANG_WARN_COMMA = YES;
				CLANG_WARN_CONSTANT_CONVERSION = YES;
				CLANG_WARN_DIRECT_OBJC_ISA_USAGE = YES_ERROR;
				CLANG_WARN_DOCUMENTATION_COMMENTS = YES;
				CLANG_WARN_EMPTY_BODY = YES;
				CLANG_WARN_ENUM_CONVERSION = YES;
				CLANG_WARN_INFINITE_RECURSION = YES;
				CLANG_WARN_INT_CONVERSION = YES;
				CLANG_WARN_NON_LITERAL_NULL_CONVERSION = YES;
				CLANG_WARN_OBJC_LITERAL_CONVERSION = YES;
				CLANG_WARN_OBJC_ROOT_CLASS = YES_ERROR;
				CLANG_WARN_RANGE_LOOP_ANALYSIS = YES;
				CLANG_WARN_STRICT_PROTOTYPES = YES;
				CLANG_WARN_SUSPICIOUS_MOVE = YES;
				CLANG_WARN_UNGUARDED_AVAILABILITY = YES_AGGRESSIVE;
				CLANG_WARN_UNREACHABLE_CODE = YES;
				CLANG_WARN__DUPLICATE_METHOD_MATCH = YES;
				CODE_SIGN_IDENTITY = "iPhone Developer";
				COPY_PHASE_STRIP = NO;
				DEBUG_INFORMATION_FORMAT = dwarf;
				ENABLE_STRICT_OBJC_MSGSEND = YES;
				ENABLE_TESTABILITY = YES;
				GCC_C_LANGUAGE_STANDARD = gnu11;
				GCC_DYNAMIC_NO_PIC = NO;
				GCC_NO_COMMON_BLOCKS = YES;
				GCC_OPTIMIZATION_LEVEL = 0;
				GCC_PREFIX_HEADER = "$(SRCROOT)/INFosysFaceIO/PrefixHeader.h";
				GCC_PREPROCESSOR_DEFINITIONS = (
					"DEBUG=1",
					"$(inherited)",
				);
				GCC_WARN_64_TO_32_BIT_CONVERSION = YES;
				GCC_WARN_ABOUT_RETURN_TYPE = YES_ERROR;
				GCC_WARN_UNDECLARED_SELECTOR = YES;
				GCC_WARN_UNINITIALIZED_AUTOS = YES_AGGRESSIVE;
				GCC_WARN_UNUSED_FUNCTION = YES;
				GCC_WARN_UNUSED_VARIABLE = YES;
				IPHONEOS_DEPLOYMENT_TARGET = 8.0;
				MTL_ENABLE_DEBUG_INFO = YES;
				ONLY_ACTIVE_ARCH = YES;
				SDKROOT = iphoneos;
			};
			name = Debug;
		};
		B8247D331FF0F68D004267E8 /* Release */ = {
			isa = XCBuildConfiguration;
			buildSettings = {
				ALWAYS_SEARCH_USER_PATHS = NO;
				CLANG_ANALYZER_NONNULL = YES;
				CLANG_ANALYZER_NUMBER_OBJECT_CONVERSION = YES_AGGRESSIVE;
				CLANG_CXX_LANGUAGE_STANDARD = "gnu++14";
				CLANG_CXX_LIBRARY = "libc++";
				CLANG_ENABLE_MODULES = YES;
				CLANG_ENABLE_OBJC_ARC = YES;
				CLANG_WARN_BLOCK_CAPTURE_AUTORELEASING = YES;
				CLANG_WARN_BOOL_CONVERSION = YES;
				CLANG_WARN_COMMA = YES;
				CLANG_WARN_CONSTANT_CONVERSION = YES;
				CLANG_WARN_DIRECT_OBJC_ISA_USAGE = YES_ERROR;
				CLANG_WARN_DOCUMENTATION_COMMENTS = YES;
				CLANG_WARN_EMPTY_BODY = YES;
				CLANG_WARN_ENUM_CONVERSION = YES;
				CLANG_WARN_INFINITE_RECURSION = YES;
				CLANG_WARN_INT_CONVERSION = YES;
				CLANG_WARN_NON_LITERAL_NULL_CONVERSION = YES;
				CLANG_WARN_OBJC_LITERAL_CONVERSION = YES;
				CLANG_WARN_OBJC_ROOT_CLASS = YES_ERROR;
				CLANG_WARN_RANGE_LOOP_ANALYSIS = YES;
				CLANG_WARN_STRICT_PROTOTYPES = YES;
				CLANG_WARN_SUSPICIOUS_MOVE = YES;
				CLANG_WARN_UNGUARDED_AVAILABILITY = YES_AGGRESSIVE;
				CLANG_WARN_UNREACHABLE_CODE = YES;
				CLANG_WARN__DUPLICATE_METHOD_MATCH = YES;
				CODE_SIGN_IDENTITY = "iPhone Developer";
				COPY_PHASE_STRIP = NO;
				DEBUG_INFORMATION_FORMAT = "dwarf-with-dsym";
				ENABLE_NS_ASSERTIONS = NO;
				ENABLE_STRICT_OBJC_MSGSEND = YES;
				GCC_C_LANGUAGE_STANDARD = gnu11;
				GCC_NO_COMMON_BLOCKS = YES;
				GCC_PREFIX_HEADER = "$(SRCROOT)/INFosysFaceIO/PrefixHeader.h";
				GCC_WARN_64_TO_32_BIT_CONVERSION = YES;
				GCC_WARN_ABOUT_RETURN_TYPE = YES_ERROR;
				GCC_WARN_UNDECLARED_SELECTOR = YES;
				GCC_WARN_UNINITIALIZED_AUTOS = YES_AGGRESSIVE;
				GCC_WARN_UNUSED_FUNCTION = YES;
				GCC_WARN_UNUSED_VARIABLE = YES;
				IPHONEOS_DEPLOYMENT_TARGET = 8.0;
				MTL_ENABLE_DEBUG_INFO = NO;
				SDKROOT = iphoneos;
				VALIDATE_PRODUCT = YES;
			};
			name = Release;
		};
		B8247D351FF0F68D004267E8 /* Debug */ = {
			isa = XCBuildConfiguration;
			baseConfigurationReference = 7C378AD0B107B8726E9CC8AE /* Pods-INFosysFaceIO.debug.xcconfig */;
			buildSettings = {
				ASSETCATALOG_COMPILER_APPICON_NAME = AppIcon;
				CODE_SIGN_STYLE = Automatic;
				DEVELOPMENT_TEAM = LHK6PK48JE;
				GCC_PREFIX_HEADER = "$(SRCROOT)/INFosysFaceIO/PrefixHeader.pch";
				INFOPLIST_FILE = INFosysFaceIO/Info.plist;
				LD_RUNPATH_SEARCH_PATHS = "$(inherited) @executable_path/Frameworks";
				PRODUCT_BUNDLE_IDENTIFIER = wjw.INFosysFaceIO;
				PRODUCT_NAME = "$(TARGET_NAME)";
				TARGETED_DEVICE_FAMILY = "1,2";
				USER_HEADER_SEARCH_PATHS = "$(PODS_ROOT)";
			};
			name = Debug;
		};
		B8247D361FF0F68D004267E8 /* Release */ = {
			isa = XCBuildConfiguration;
			baseConfigurationReference = 35D5E4C1727B11D633CA96A6 /* Pods-INFosysFaceIO.release.xcconfig */;
			buildSettings = {
				ASSETCATALOG_COMPILER_APPICON_NAME = AppIcon;
				CODE_SIGN_STYLE = Automatic;
				DEVELOPMENT_TEAM = LHK6PK48JE;
				GCC_PREFIX_HEADER = "$(SRCROOT)/INFosysFaceIO/PrefixHeader.pch";
				INFOPLIST_FILE = INFosysFaceIO/Info.plist;
				LD_RUNPATH_SEARCH_PATHS = "$(inherited) @executable_path/Frameworks";
				PRODUCT_BUNDLE_IDENTIFIER = wjw.INFosysFaceIO;
				PRODUCT_NAME = "$(TARGET_NAME)";
				TARGETED_DEVICE_FAMILY = "1,2";
				USER_HEADER_SEARCH_PATHS = "$(PODS_ROOT)";
			};
			name = Release;
		};
		B8247D381FF0F68D004267E8 /* Debug */ = {
			isa = XCBuildConfiguration;
			buildSettings = {
				BUNDLE_LOADER = "$(TEST_HOST)";
				CODE_SIGN_STYLE = Automatic;
				DEVELOPMENT_TEAM = LHK6PK48JE;
				INFOPLIST_FILE = INFosysFaceIOTests/Info.plist;
				LD_RUNPATH_SEARCH_PATHS = "$(inherited) @executable_path/Frameworks @loader_path/Frameworks";
				PRODUCT_BUNDLE_IDENTIFIER = wjw.INFosysFaceIOTests;
				PRODUCT_NAME = "$(TARGET_NAME)";
				TARGETED_DEVICE_FAMILY = "1,2";
				TEST_HOST = "$(BUILT_PRODUCTS_DIR)/INFosysFaceIO.app/INFosysFaceIO";
			};
			name = Debug;
		};
		B8247D391FF0F68D004267E8 /* Release */ = {
			isa = XCBuildConfiguration;
			buildSettings = {
				BUNDLE_LOADER = "$(TEST_HOST)";
				CODE_SIGN_STYLE = Automatic;
				DEVELOPMENT_TEAM = LHK6PK48JE;
				INFOPLIST_FILE = INFosysFaceIOTests/Info.plist;
				LD_RUNPATH_SEARCH_PATHS = "$(inherited) @executable_path/Frameworks @loader_path/Frameworks";
				PRODUCT_BUNDLE_IDENTIFIER = wjw.INFosysFaceIOTests;
				PRODUCT_NAME = "$(TARGET_NAME)";
				TARGETED_DEVICE_FAMILY = "1,2";
				TEST_HOST = "$(BUILT_PRODUCTS_DIR)/INFosysFaceIO.app/INFosysFaceIO";
			};
			name = Release;
		};
		B8247D3B1FF0F68D004267E8 /* Debug */ = {
			isa = XCBuildConfiguration;
			buildSettings = {
				CODE_SIGN_STYLE = Automatic;
				DEVELOPMENT_TEAM = LHK6PK48JE;
				INFOPLIST_FILE = INFosysFaceIOUITests/Info.plist;
				LD_RUNPATH_SEARCH_PATHS = "$(inherited) @executable_path/Frameworks @loader_path/Frameworks";
				PRODUCT_BUNDLE_IDENTIFIER = wjw.INFosysFaceIOUITests;
				PRODUCT_NAME = "$(TARGET_NAME)";
				TARGETED_DEVICE_FAMILY = "1,2";
				TEST_TARGET_NAME = INFosysFaceIO;
			};
			name = Debug;
		};
		B8247D3C1FF0F68D004267E8 /* Release */ = {
			isa = XCBuildConfiguration;
			buildSettings = {
				CODE_SIGN_STYLE = Automatic;
				DEVELOPMENT_TEAM = LHK6PK48JE;
				INFOPLIST_FILE = INFosysFaceIOUITests/Info.plist;
				LD_RUNPATH_SEARCH_PATHS = "$(inherited) @executable_path/Frameworks @loader_path/Frameworks";
				PRODUCT_BUNDLE_IDENTIFIER = wjw.INFosysFaceIOUITests;
				PRODUCT_NAME = "$(TARGET_NAME)";
				TARGETED_DEVICE_FAMILY = "1,2";
				TEST_TARGET_NAME = INFosysFaceIO;
			};
			name = Release;
		};
/* End XCBuildConfiguration section */

/* Begin XCConfigurationList section */
		B8247D031FF0F68C004267E8 /* Build configuration list for PBXProject "INFosysFaceIO" */ = {
			isa = XCConfigurationList;
			buildConfigurations = (
				B8247D321FF0F68D004267E8 /* Debug */,
				B8247D331FF0F68D004267E8 /* Release */,
			);
			defaultConfigurationIsVisible = 0;
			defaultConfigurationName = Release;
		};
		B8247D341FF0F68D004267E8 /* Build configuration list for PBXNativeTarget "INFosysFaceIO" */ = {
			isa = XCConfigurationList;
			buildConfigurations = (
				B8247D351FF0F68D004267E8 /* Debug */,
				B8247D361FF0F68D004267E8 /* Release */,
			);
			defaultConfigurationIsVisible = 0;
			defaultConfigurationName = Release;
		};
		B8247D371FF0F68D004267E8 /* Build configuration list for PBXNativeTarget "INFosysFaceIOTests" */ = {
			isa = XCConfigurationList;
			buildConfigurations = (
				B8247D381FF0F68D004267E8 /* Debug */,
				B8247D391FF0F68D004267E8 /* Release */,
			);
			defaultConfigurationIsVisible = 0;
			defaultConfigurationName = Release;
		};
		B8247D3A1FF0F68D004267E8 /* Build configuration list for PBXNativeTarget "INFosysFaceIOUITests" */ = {
			isa = XCConfigurationList;
			buildConfigurations = (
				B8247D3B1FF0F68D004267E8 /* Debug */,
				B8247D3C1FF0F68D004267E8 /* Release */,
			);
			defaultConfigurationIsVisible = 0;
			defaultConfigurationName = Release;
		};
/* End XCConfigurationList section */
	};
	rootObject = B8247D001FF0F68C004267E8 /* Project object */;
}
